{
    "_readme": [
        "This file locks the dependencies of your project to a known state",
        "Read more about it at https://getcomposer.org/doc/01-basic-usage.md#installing-dependencies",
        "This file is @generated automatically"
    ],
    "content-hash": "05db19f9f93741cb73fdcad3cdc2db69",
    "packages": [
        {
            "name": "jawira/case-converter",
            "version": "v3.4.1",
            "source": {
                "type": "git",
                "url": "https://github.com/jawira/case-converter.git",
                "reference": "756089a523ce268fb173a9f4af4ca95629b3a7f0"
            },
            "dist": {
                "type": "zip",
                "url": "https://api.github.com/repos/jawira/case-converter/zipball/756089a523ce268fb173a9f4af4ca95629b3a7f0",
                "reference": "756089a523ce268fb173a9f4af4ca95629b3a7f0",
                "shasum": ""
            },
            "require": {
                "ext-mbstring": "*",
                "php": "^7.1"
            },
            "suggest": {
                "pds/skeleton": "PHP Package Development Standards",
                "phing/phing": "PHP Build Tool"
            },
            "type": "library",
            "autoload": {
                "psr-4": {
                    "Jawira\\CaseConverter\\": "src/"
                }
            },
            "notification-url": "https://packagist.org/downloads/",
            "license": [
                "MIT"
            ],
            "authors": [
                {
                    "name": "Jawira Portugal",
                    "email": "dev@tugal.be",
                    "homepage": "http://jawira.com/"
                }
            ],
            "description": "Convert strings between 13 naming conventions: Snake case, Camel case, Pascal case, Kebab case, Ada case, Train case, Cobol case, Macro case, Upper case, Lower case, Sentence case, Title case and Dot notation.",
            "homepage": "https://jawira.github.io/case-converter/",
            "keywords": [
                "Ada case",
                "Cobol case",
                "Macro case",
                "Train case",
                "camel case",
                "dot notation",
                "kebab case",
                "lower case",
                "pascal case",
                "sentence case",
                "snake case",
                "title case",
                "upper case"
            ],
            "time": "2019-12-15T14:31:43+00:00"
        },
        {
            "name": "league/html-to-markdown",
            "version": "4.10.0",
            "source": {
                "type": "git",
                "url": "https://github.com/thephpleague/html-to-markdown.git",
                "reference": "0868ae7a552e809e5cd8f93ba022071640408e88"
            },
            "dist": {
                "type": "zip",
                "url": "https://api.github.com/repos/thephpleague/html-to-markdown/zipball/0868ae7a552e809e5cd8f93ba022071640408e88",
                "reference": "0868ae7a552e809e5cd8f93ba022071640408e88",
                "shasum": ""
            },
            "require": {
                "ext-dom": "*",
                "ext-xml": "*",
                "php": ">=5.3.3"
            },
            "require-dev": {
                "mikehaertl/php-shellcommand": "~1.1.0",
                "phpunit/phpunit": "^4.8|^5.7",
                "scrutinizer/ocular": "~1.1"
            },
            "bin": [
                "bin/html-to-markdown"
            ],
            "type": "library",
            "extra": {
                "branch-alias": {
                    "dev-master": "4.10-dev"
                }
            },
            "autoload": {
                "psr-4": {
                    "League\\HTMLToMarkdown\\": "src/"
                }
            },
            "notification-url": "https://packagist.org/downloads/",
            "license": [
                "MIT"
            ],
            "authors": [
                {
                    "name": "Colin O'Dell",
                    "email": "colinodell@gmail.com",
                    "homepage": "https://www.colinodell.com",
                    "role": "Lead Developer"
                },
                {
                    "name": "Nick Cernis",
                    "email": "nick@cern.is",
                    "homepage": "http://modernnerd.net",
                    "role": "Original Author"
                }
            ],
            "description": "An HTML-to-markdown conversion helper for PHP",
            "homepage": "https://github.com/thephpleague/html-to-markdown",
            "keywords": [
                "html",
                "markdown"
            ],
            "funding": [
                {
                    "url": "https://www.colinodell.com/sponsor",
                    "type": "custom"
                },
                {
                    "url": "https://www.paypal.me/colinpodell/10.00",
                    "type": "custom"
                },
                {
                    "url": "https://github.com/colinodell",
                    "type": "github"
                },
                {
                    "url": "https://www.patreon.com/colinodell",
                    "type": "patreon"
                }
            ],
            "time": "2020-07-01T00:34:03+00:00"
        },
        {
            "name": "xprt64/php-markdown-table-converter",
            "version": "dev-master",
            "source": {
                "type": "git",
                "url": "https://github.com/ticktackk/php-markdown-table-converter",
                "reference": "342586840eeec9b7b7408ff69525bbb44ea3eb8a"
            },
            "dist": {
                "type": "zip",
                "url": "https://api.github.com/repos/ticktackk/php-markdown-table-converter/zipball/342586840eeec9b7b7408ff69525bbb44ea3eb8a",
                "reference": "342586840eeec9b7b7408ff69525bbb44ea3eb8a",
                "shasum": ""
            },
            "require": {
                "league/html-to-markdown": "^4.8"
            },
            "require-dev": {
                "phpunit/phpunit": "^8.0"
            },
            "type": "library",
            "autoload": {
                "psr-4": {
                    "xprt64\\HtmlTableToMarkdownConverter\\": "src/"
                }
            },
            "authors": [
                {
                    "name": "Constantin Galbenu",
                    "email": "gica.galbenu@gmail.com"
                }
            ],
            "description": "A TableConverter for thephpleague/html-to-markdown",
            "support": {
                "source": "https://github.com/ticktackk/php-markdown-table-converter/tree/master"
            },
            "time": "2020-04-04T22:10:49+00:00"
        }
    ],
    "packages-dev": [],
    "aliases": [],
    "minimum-stability": "stable",
    "stability-flags": {
        "xprt64/php-markdown-table-converter": 20
    },
    "prefer-stable": false,
    "prefer-lowest": false,
    "platform": {
        "ext-intl": "*",
        "ext-dom": "*",
        "ext-json": "*"
    },
    "platform-dev": [],
    "plugin-api-version": "1.1.0"
}
